
Microsoft Visual Studio Solution File, Format Version 11.00
# Visual Studio 2010
Project("{FAE04EC0-301F-11D3-BF4B-00C04F79EFBC}") = "dirty_fights", "Assembly-CSharp.csproj", "{47FCDC5A-C36A-21F3-4291-663A2BA6B8E2}"
EndProject
Project("{FAE04EC0-301F-11D3-BF4B-00C04F79EFBC}") = "dirty_fights", "Assembly-CSharp-Editor.csproj", "{35465701-D6DE-0A74-9D92-DEB6A40882A0}"
EndProject
Global
	GlobalSection(SolutionConfigurationPlatforms) = preSolution
		Debug|Any CPU = Debug|Any CPU
		Release|Any CPU = Release|Any CPU
	EndGlobalSection
	GlobalSection(ProjectConfigurationPlatforms) = postSolution
		{47FCDC5A-C36A-21F3-4291-663A2BA6B8E2}.Debug|Any CPU.ActiveCfg = Debug|Any CPU
		{47FCDC5A-C36A-21F3-4291-663A2BA6B8E2}.Debug|Any CPU.Build.0 = Debug|Any CPU
		{47FCDC5A-C36A-21F3-4291-663A2BA6B8E2}.Release|Any CPU.ActiveCfg = Release|Any CPU
		{47FCDC5A-C36A-21F3-4291-663A2BA6B8E2}.Release|Any CPU.Build.0 = Release|Any CPU
		{35465701-D6DE-0A74-9D92-DEB6A40882A0}.Debug|Any CPU.ActiveCfg = Debug|Any CPU
		{35465701-D6DE-0A74-9D92-DEB6A40882A0}.Debug|Any CPU.Build.0 = Debug|Any CPU
		{35465701-D6DE-0A74-9D92-DEB6A40882A0}.Release|Any CPU.ActiveCfg = Release|Any CPU
		{35465701-D6DE-0A74-9D92-DEB6A40882A0}.Release|Any CPU.Build.0 = Release|Any CPU
	EndGlobalSection
	GlobalSection(SolutionProperties) = preSolution
		HideSolutionNode = FALSE
	EndGlobalSection
	GlobalSection(MonoDevelopProperties) = preSolution
		StartupItem = Assembly-CSharp.csproj
	EndGlobalSection
EndGlobal
