
Microsoft Visual Studio Solution File, Format Version 11.00
# Visual Studio 2010
Project("{FAE04EC0-301F-11D3-BF4B-00C04F79EFBC}") = "rusty_fights", "Assembly-CSharp.csproj", "{43422CDA-0808-DB7B-3FF7-DD0392E2C1C8}"
EndProject
Project("{FAE04EC0-301F-11D3-BF4B-00C04F79EFBC}") = "rusty_fights", "Assembly-CSharp-Editor.csproj", "{6B95DD1B-EE09-5CEA-E77C-7037B9365E7B}"
EndProject
Global
	GlobalSection(SolutionConfigurationPlatforms) = preSolution
		Debug|Any CPU = Debug|Any CPU
		Release|Any CPU = Release|Any CPU
	EndGlobalSection
	GlobalSection(ProjectConfigurationPlatforms) = postSolution
		{43422CDA-0808-DB7B-3FF7-DD0392E2C1C8}.Debug|Any CPU.ActiveCfg = Debug|Any CPU
		{43422CDA-0808-DB7B-3FF7-DD0392E2C1C8}.Debug|Any CPU.Build.0 = Debug|Any CPU
		{43422CDA-0808-DB7B-3FF7-DD0392E2C1C8}.Release|Any CPU.ActiveCfg = Release|Any CPU
		{43422CDA-0808-DB7B-3FF7-DD0392E2C1C8}.Release|Any CPU.Build.0 = Release|Any CPU
		{6B95DD1B-EE09-5CEA-E77C-7037B9365E7B}.Debug|Any CPU.ActiveCfg = Debug|Any CPU
		{6B95DD1B-EE09-5CEA-E77C-7037B9365E7B}.Debug|Any CPU.Build.0 = Debug|Any CPU
		{6B95DD1B-EE09-5CEA-E77C-7037B9365E7B}.Release|Any CPU.ActiveCfg = Release|Any CPU
		{6B95DD1B-EE09-5CEA-E77C-7037B9365E7B}.Release|Any CPU.Build.0 = Release|Any CPU
	EndGlobalSection
	GlobalSection(SolutionProperties) = preSolution
		HideSolutionNode = FALSE
	EndGlobalSection
	GlobalSection(MonoDevelopProperties) = preSolution
		StartupItem = Assembly-CSharp.csproj
	EndGlobalSection
EndGlobal
